
Microsoft Visual Studio Solution File, Format Version 12.00
# Visual Studio Version 16
VisualStudioVersion = 16.0.33214.272
MinimumVisualStudioVersion = 10.0.40219.1
Project("{F184B08F-C81C-45F6-A57F-5ABD9991F28F}") = "Splace_InventoryManagementSystem", "Splace_InventoryManagementSystem\Splace_InventoryManagementSystem.vbproj", "{FEE41041-85AE-45F2-9BFA-5F3C63078777}"
EndProject
Global
	GlobalSection(SolutionConfigurationPlatforms) = preSolution
		Debug|Any CPU = Debug|Any CPU
		Release|Any CPU = Release|Any CPU
	EndGlobalSection
	GlobalSection(ProjectConfigurationPlatforms) = postSolution
		{FEE41041-85AE-45F2-9BFA-5F3C63078777}.Debug|Any CPU.ActiveCfg = Debug|Any CPU
		{FEE41041-85AE-45F2-9BFA-5F3C63078777}.Debug|Any CPU.Build.0 = Debug|Any CPU
		{FEE41041-85AE-45F2-9BFA-5F3C63078777}.Release|Any CPU.ActiveCfg = Release|Any CPU
		{FEE41041-85AE-45F2-9BFA-5F3C63078777}.Release|Any CPU.Build.0 = Release|Any CPU
	EndGlobalSection
	GlobalSection(SolutionProperties) = preSolution
		HideSolutionNode = FALSE
	EndGlobalSection
	GlobalSection(ExtensibilityGlobals) = postSolution
		SolutionGuid = {F03ACD87-B0E1-4E67-A35D-FA84652E3B57}
	EndGlobalSection
EndGlobal
